// !$*UTF8*$!
{
	archiveVersion = 1;
	classes = {
	};
	objectVersion = 46;
	objects = {

/* Begin PBXBuildFile section */
		4CCCCD5219DA071B00237B98 /* main.m in Sources */ = {isa = PBXBuildFile; fileRef = 4CCCCD5119DA071B00237B98 /* main.m */; };
		4CCCCD5519DA071B00237B98 /* AppDelegate.m in Sources */ = {isa = PBXBuildFile; fileRef = 4CCCCD5419DA071B00237B98 /* AppDelegate.m */; };
		4CCCCD5819DA071B00237B98 /* ViewController.m in Sources */ = {isa = PBXBuildFile; fileRef = 4CCCCD5719DA071B00237B98 /* ViewController.m */; };
		4CCCCD5B19DA071B00237B98 /* Main.storyboard in Resources */ = {isa = PBXBuildFile; fileRef = 4CCCCD5919DA071B00237B98 /* Main.storyboard */; };
		4CCCCD5D19DA071B00237B98 /* Images.xcassets in Resources */ = {isa = PBXBuildFile; fileRef = 4CCCCD5C19DA071B00237B98 /* Images.xcassets */; };
		4CCCCD6019DA071B00237B98 /* LaunchScreen.xib in Resources */ = {isa = PBXBuildFile; fileRef = 4CCCCD5E19DA071B00237B98 /* LaunchScreen.xib */; };
		4CCCCD6C19DA071B00237B98 /* myParksandRecTests.m in Sources */ = {isa = PBXBuildFile; fileRef = 4CCCCD6B19DA071B00237B98 /* myParksandRecTests.m */; };
		4CCCCD7719DA086F00237B98 /* background2.png in Resources */ = {isa = PBXBuildFile; fileRef = 4CCCCD7619DA086F00237B98 /* background2.png */; };
		4CCCCD8619DA089800237B98 /* applabels.png in Resources */ = {isa = PBXBuildFile; fileRef = 4CCCCD7819DA089800237B98 /* applabels.png */; };
		4CCCCD8719DA089800237B98 /* applabelsdark.png in Resources */ = {isa = PBXBuildFile; fileRef = 4CCCCD7919DA089800237B98 /* applabelsdark.png */; };
		4CCCCD8819DA089800237B98 /* backward-7.png in Resources */ = {isa = PBXBuildFile; fileRef = 4CCCCD7A19DA089800237B98 /* backward-7.png */; };
		4CCCCD8919DA089800237B98 /* prlogo.png in Resources */ = {isa = PBXBuildFile; fileRef = 4CCCCD7B19DA089800237B98 /* prlogo.png */; };
		4CCCCD8A19DA089800237B98 /* rec2.png in Resources */ = {isa = PBXBuildFile; fileRef = 4CCCCD7C19DA089800237B98 /* rec2.png */; };
		4CCCCD8B19DA089800237B98 /* reload.png in Resources */ = {isa = PBXBuildFile; fileRef = 4CCCCD7D19DA089800237B98 /* reload.png */; };
		4CCCCD8C19DA089800237B98 /* reload2.png in Resources */ = {isa = PBXBuildFile; fileRef = 4CCCCD7E19DA089800237B98 /* reload2.png */; };
		4CCCCD8D19DA089800237B98 /* reload3.png in Resources */ = {isa = PBXBuildFile; fileRef = 4CCCCD7F19DA089800237B98 /* reload3.png */; };
		4CCCCD8E19DA089800237B98 /* reload4.png in Resources */ = {isa = PBXBuildFile; fileRef = 4CCCCD8019DA089800237B98 /* reload4.png */; };
		4CCCCD8F19DA089800237B98 /* reload5.png in Resources */ = {isa = PBXBuildFile; fileRef = 4CCCCD8119DA089800237B98 /* reload5.png */; };
		4CCCCD9019DA089800237B98 /* reload6.png in Resources */ = {isa = PBXBuildFile; fileRef = 4CCCCD8219DA089800237B98 /* reload6.png */; };
		4CCCCD9119DA089800237B98 /* reload7.png in Resources */ = {isa = PBXBuildFile; fileRef = 4CCCCD8319DA089800237B98 /* reload7.png */; };
		4CCCCD9219DA089800237B98 /* reload8.png in Resources */ = {isa = PBXBuildFile; fileRef = 4CCCCD8419DA089800237B98 /* reload8.png */; };
		4CCCCD9319DA089800237B98 /* reload9.png in Resources */ = {isa = PBXBuildFile; fileRef = 4CCCCD8519DA089800237B98 /* reload9.png */; };
		4CCCCDAA19DA092500237B98 /* GroupFitnessController.m in Sources */ = {isa = PBXBuildFile; fileRef = 4CCCCD9719DA092500237B98 /* GroupFitnessController.m */; };
		4CCCCDAB19DA092500237B98 /* GymController.m in Sources */ = {isa = PBXBuildFile; fileRef = 4CCCCD9919DA092500237B98 /* GymController.m */; };
		4CCCCDAC19DA092500237B98 /* NPAboutViewController.m in Sources */ = {isa = PBXBuildFile; fileRef = 4CCCCD9B19DA092500237B98 /* NPAboutViewController.m */; };
		4CCCCDAD19DA092500237B98 /* NPAgendaViewController.m in Sources */ = {isa = PBXBuildFile; fileRef = 4CCCCD9D19DA092500237B98 /* NPAgendaViewController.m */; };
		4CCCCDAE19DA092500237B98 /* NPScheduleViewController.m in Sources */ = {isa = PBXBuildFile; fileRef = 4CCCCD9F19DA092500237B98 /* NPScheduleViewController.m */; };
		4CCCCDAF19DA092500237B98 /* NPViewController.m in Sources */ = {isa = PBXBuildFile; fileRef = 4CCCCDA119DA092500237B98 /* NPViewController.m */; };
		4CCCCDB019DA092500237B98 /* PoolController.m in Sources */ = {isa = PBXBuildFile; fileRef = 4CCCCDA319DA092500237B98 /* PoolController.m */; };
		4CCCCDB119DA092500237B98 /* PremiumGroupController.m in Sources */ = {isa = PBXBuildFile; fileRef = 4CCCCDA519DA092500237B98 /* PremiumGroupController.m */; };
		4CCCCDB219DA092500237B98 /* PrivateSwimController.m in Sources */ = {isa = PBXBuildFile; fileRef = 4CCCCDA719DA092500237B98 /* PrivateSwimController.m */; };
		4CCCCDB319DA092500237B98 /* SwimLessonController.m in Sources */ = {isa = PBXBuildFile; fileRef = 4CCCCDA919DA092500237B98 /* SwimLessonController.m */; };
/* End PBXBuildFile section */

/* Begin PBXContainerItemProxy section */
		4CCCCD6619DA071B00237B98 /* PBXContainerItemProxy */ = {
			isa = PBXContainerItemProxy;
			containerPortal = 4CCCCD4419DA071B00237B98 /* Project object */;
			proxyType = 1;
			remoteGlobalIDString = 4CCCCD4B19DA071B00237B98;
			remoteInfo = myParksandRec;
		};
/* End PBXContainerItemProxy section */

/* Begin PBXFileReference section */
		4CCCCD4C19DA071B00237B98 /* myParksandRec.app */ = {isa = PBXFileReference; explicitFileType = wrapper.application; includeInIndex = 0; path = myParksandRec.app; sourceTree = BUILT_PRODUCTS_DIR; };
		4CCCCD5019DA071B00237B98 /* Info.plist */ = {isa = PBXFileReference; lastKnownFileType = text.plist.xml; path = Info.plist; sourceTree = "<group>"; };
		4CCCCD5119DA071B00237B98 /* main.m */ = {isa = PBXFileReference; lastKnownFileType = sourcecode.c.objc; path = main.m; sourceTree = "<group>"; };
		4CCCCD5319DA071B00237B98 /* AppDelegate.h */ = {isa = PBXFileReference; lastKnownFileType = sourcecode.c.h; path = AppDelegate.h; sourceTree = "<group>"; };
		4CCCCD5419DA071B00237B98 /* AppDelegate.m */ = {isa = PBXFileReference; lastKnownFileType = sourcecode.c.objc; path = AppDelegate.m; sourceTree = "<group>"; };
		4CCCCD5619DA071B00237B98 /* ViewController.h */ = {isa = PBXFileReference; lastKnownFileType = sourcecode.c.h; path = ViewController.h; sourceTree = "<group>"; };
		4CCCCD5719DA071B00237B98 /* ViewController.m */ = {isa = PBXFileReference; lastKnownFileType = sourcecode.c.objc; path = ViewController.m; sourceTree = "<group>"; };
		4CCCCD5A19DA071B00237B98 /* Base */ = {isa = PBXFileReference; lastKnownFileType = file.storyboard; name = Base; path = Base.lproj/Main.storyboard; sourceTree = "<group>"; };
		4CCCCD5C19DA071B00237B98 /* Images.xcassets */ = {isa = PBXFileReference; lastKnownFileType = folder.assetcatalog; path = Images.xcassets; sourceTree = "<group>"; };
		4CCCCD5F19DA071B00237B98 /* Base */ = {isa = PBXFileReference; lastKnownFileType = file.xib; name = Base; path = Base.lproj/LaunchScreen.xib; sourceTree = "<group>"; };
		4CCCCD6519DA071B00237B98 /* myParksandRecTests.xctest */ = {isa = PBXFileReference; explicitFileType = wrapper.cfbundle; includeInIndex = 0; path = myParksandRecTests.xctest; sourceTree = BUILT_PRODUCTS_DIR; };
		4CCCCD6A19DA071B00237B98 /* Info.plist */ = {isa = PBXFileReference; lastKnownFileType = text.plist.xml; path = Info.plist; sourceTree = "<group>"; };
		4CCCCD6B19DA071B00237B98 /* myParksandRecTests.m */ = {isa = PBXFileReference; lastKnownFileType = sourcecode.c.objc; path = myParksandRecTests.m; sourceTree = "<group>"; };
		4CCCCD7619DA086F00237B98 /* background2.png */ = {isa = PBXFileReference; lastKnownFileType = image.png; path = background2.png; sourceTree = "<group>"; };
		4CCCCD7819DA089800237B98 /* applabels.png */ = {isa = PBXFileReference; lastKnownFileType = image.png; path = applabels.png; sourceTree = "<group>"; };
		4CCCCD7919DA089800237B98 /* applabelsdark.png */ = {isa = PBXFileReference; lastKnownFileType = image.png; path = applabelsdark.png; sourceTree = "<group>"; };
		4CCCCD7A19DA089800237B98 /* backward-7.png */ = {isa = PBXFileReference; lastKnownFileType = image.png; path = "backward-7.png"; sourceTree = "<group>"; };
		4CCCCD7B19DA089800237B98 /* prlogo.png */ = {isa = PBXFileReference; lastKnownFileType = image.png; path = prlogo.png; sourceTree = "<group>"; };
		4CCCCD7C19DA089800237B98 /* rec2.png */ = {isa = PBXFileReference; lastKnownFileType = image.png; path = rec2.png; sourceTree = "<group>"; };
		4CCCCD7D19DA089800237B98 /* reload.png */ = {isa = PBXFileReference; lastKnownFileType = image.png; path = reload.png; sourceTree = "<group>"; };
		4CCCCD7E19DA089800237B98 /* reload2.png */ = {isa = PBXFileReference; lastKnownFileType = image.png; path = reload2.png; sourceTree = "<group>"; };
		4CCCCD7F19DA089800237B98 /* reload3.png */ = {isa = PBXFileReference; lastKnownFileType = image.png; path = reload3.png; sourceTree = "<group>"; };
		4CCCCD8019DA089800237B98 /* reload4.png */ = {isa = PBXFileReference; lastKnownFileType = image.png; path = reload4.png; sourceTree = "<group>"; };
		4CCCCD8119DA089800237B98 /* reload5.png */ = {isa = PBXFileReference; lastKnownFileType = image.png; path = reload5.png; sourceTree = "<group>"; };
		4CCCCD8219DA089800237B98 /* reload6.png */ = {isa = PBXFileReference; lastKnownFileType = image.png; path = reload6.png; sourceTree = "<group>"; };
		4CCCCD8319DA089800237B98 /* reload7.png */ = {isa = PBXFileReference; lastKnownFileType = image.png; path = reload7.png; sourceTree = "<group>"; };
		4CCCCD8419DA089800237B98 /* reload8.png */ = {isa = PBXFileReference; lastKnownFileType = image.png; path = reload8.png; sourceTree = "<group>"; };
		4CCCCD8519DA089800237B98 /* reload9.png */ = {isa = PBXFileReference; lastKnownFileType = image.png; path = reload9.png; sourceTree = "<group>"; };
		4CCCCD9619DA092500237B98 /* GroupFitnessController.h */ = {isa = PBXFileReference; fileEncoding = 4; lastKnownFileType = sourcecode.c.h; path = GroupFitnessController.h; sourceTree = "<group>"; };
		4CCCCD9719DA092500237B98 /* GroupFitnessController.m */ = {isa = PBXFileReference; fileEncoding = 4; lastKnownFileType = sourcecode.c.objc; path = GroupFitnessController.m; sourceTree = "<group>"; };
		4CCCCD9819DA092500237B98 /* GymController.h */ = {isa = PBXFileReference; fileEncoding = 4; lastKnownFileType = sourcecode.c.h; path = GymController.h; sourceTree = "<group>"; };
		4CCCCD9919DA092500237B98 /* GymController.m */ = {isa = PBXFileReference; fileEncoding = 4; lastKnownFileType = sourcecode.c.objc; path = GymController.m; sourceTree = "<group>"; };
		4CCCCD9A19DA092500237B98 /* NPAboutViewController.h */ = {isa = PBXFileReference; fileEncoding = 4; lastKnownFileType = sourcecode.c.h; path = NPAboutViewController.h; sourceTree = "<group>"; };
		4CCCCD9B19DA092500237B98 /* NPAboutViewController.m */ = {isa = PBXFileReference; fileEncoding = 4; lastKnownFileType = sourcecode.c.objc; path = NPAboutViewController.m; sourceTree = "<group>"; };
		4CCCCD9C19DA092500237B98 /* NPAgendaViewController.h */ = {isa = PBXFileReference; fileEncoding = 4; lastKnownFileType = sourcecode.c.h; path = NPAgendaViewController.h; sourceTree = "<group>"; };
		4CCCCD9D19DA092500237B98 /* NPAgendaViewController.m */ = {isa = PBXFileReference; fileEncoding = 4; lastKnownFileType = sourcecode.c.objc; path = NPAgendaViewController.m; sourceTree = "<group>"; };
		4CCCCD9E19DA092500237B98 /* NPScheduleViewController.h */ = {isa = PBXFileReference; fileEncoding = 4; lastKnownFileType = sourcecode.c.h; path = NPScheduleViewController.h; sourceTree = "<group>"; };
		4CCCCD9F19DA092500237B98 /* NPScheduleViewController.m */ = {isa = PBXFileReference; fileEncoding = 4; lastKnownFileType = sourcecode.c.objc; path = NPScheduleViewController.m; sourceTree = "<group>"; };
		4CCCCDA019DA092500237B98 /* NPViewController.h */ = {isa = PBXFileReference; fileEncoding = 4; lastKnownFileType = sourcecode.c.h; path = NPViewController.h; sourceTree = "<group>"; };
		4CCCCDA119DA092500237B98 /* NPViewController.m */ = {isa = PBXFileReference; fileEncoding = 4; lastKnownFileType = sourcecode.c.objc; path = NPViewController.m; sourceTree = "<group>"; };
		4CCCCDA219DA092500237B98 /* PoolController.h */ = {isa = PBXFileReference; fileEncoding = 4; lastKnownFileType = sourcecode.c.h; path = PoolController.h; sourceTree = "<group>"; };
		4CCCCDA319DA092500237B98 /* PoolController.m */ = {isa = PBXFileReference; fileEncoding = 4; lastKnownFileType = sourcecode.c.objc; path = PoolController.m; sourceTree = "<group>"; };
		4CCCCDA419DA092500237B98 /* PremiumGroupController.h */ = {isa = PBXFileReference; fileEncoding = 4; lastKnownFileType = sourcecode.c.h; path = PremiumGroupController.h; sourceTree = "<group>"; };
		4CCCCDA519DA092500237B98 /* PremiumGroupController.m */ = {isa = PBXFileReference; fileEncoding = 4; lastKnownFileType = sourcecode.c.objc; path = PremiumGroupController.m; sourceTree = "<group>"; };
		4CCCCDA619DA092500237B98 /* PrivateSwimController.h */ = {isa = PBXFileReference; fileEncoding = 4; lastKnownFileType = sourcecode.c.h; path = PrivateSwimController.h; sourceTree = "<group>"; };
		4CCCCDA719DA092500237B98 /* PrivateSwimController.m */ = {isa = PBXFileReference; fileEncoding = 4; lastKnownFileType = sourcecode.c.objc; path = PrivateSwimController.m; sourceTree = "<group>"; };
		4CCCCDA819DA092500237B98 /* SwimLessonController.h */ = {isa = PBXFileReference; fileEncoding = 4; lastKnownFileType = sourcecode.c.h; path = SwimLessonController.h; sourceTree = "<group>"; };
		4CCCCDA919DA092500237B98 /* SwimLessonController.m */ = {isa = PBXFileReference; fileEncoding = 4; lastKnownFileType = sourcecode.c.objc; path = SwimLessonController.m; sourceTree = "<group>"; };
/* End PBXFileReference section */

/* Begin PBXFrameworksBuildPhase section */
		4CCCCD4919DA071B00237B98 /* Frameworks */ = {
			isa = PBXFrameworksBuildPhase;
			buildActionMask = 2147483647;
			files = (
			);
			runOnlyForDeploymentPostprocessing = 0;
		};
		4CCCCD6219DA071B00237B98 /* Frameworks */ = {
			isa = PBXFrameworksBuildPhase;
			buildActionMask = 2147483647;
			files = (
			);
			runOnlyForDeploymentPostprocessing = 0;
		};
/* End PBXFrameworksBuildPhase section */

/* Begin PBXGroup section */
		4CCCCD4319DA071B00237B98 = {
			isa = PBXGroup;
			children = (
				4CCCCD4E19DA071B00237B98 /* myParksandRec */,
				4CCCCD6819DA071B00237B98 /* myParksandRecTests */,
				4CCCCD4D19DA071B00237B98 /* Products */,
			);
			sourceTree = "<group>";
		};
		4CCCCD4D19DA071B00237B98 /* Products */ = {
			isa = PBXGroup;
			children = (
				4CCCCD4C19DA071B00237B98 /* myParksandRec.app */,
				4CCCCD6519DA071B00237B98 /* myParksandRecTests.xctest */,
			);
			name = Products;
			sourceTree = "<group>";
		};
		4CCCCD4E19DA071B00237B98 /* myParksandRec */ = {
			isa = PBXGroup;
			children = (
				4CCCCD5319DA071B00237B98 /* AppDelegate.h */,
				4CCCCD5419DA071B00237B98 /* AppDelegate.m */,
				4CCCCD5619DA071B00237B98 /* ViewController.h */,
				4CCCCD5719DA071B00237B98 /* ViewController.m */,
				4CCCCD5919DA071B00237B98 /* Main.storyboard */,
				4CCCCD5C19DA071B00237B98 /* Images.xcassets */,
				4CCCCD5E19DA071B00237B98 /* LaunchScreen.xib */,
				4CCCCD9519DA090900237B98 /* Controllers */,
				4CCCCD9419DA089F00237B98 /* PDFs */,
				4CCCCD7519DA086100237B98 /* Images */,
				4CCCCD4F19DA071B00237B98 /* Supporting Files */,
			);
			path = myParksandRec;
			sourceTree = "<group>";
		};
		4CCCCD4F19DA071B00237B98 /* Supporting Files */ = {
			isa = PBXGroup;
			children = (
				4CCCCD5019DA071B00237B98 /* Info.plist */,
				4CCCCD5119DA071B00237B98 /* main.m */,
			);
			name = "Supporting Files";
			sourceTree = "<group>";
		};
		4CCCCD6819DA071B00237B98 /* myParksandRecTests */ = {
			isa = PBXGroup;
			children = (
				4CCCCD6B19DA071B00237B98 /* myParksandRecTests.m */,
				4CCCCD6919DA071B00237B98 /* Supporting Files */,
			);
			path = myParksandRecTests;
			sourceTree = "<group>";
		};
		4CCCCD6919DA071B00237B98 /* Supporting Files */ = {
			isa = PBXGroup;
			children = (
				4CCCCD6A19DA071B00237B98 /* Info.plist */,
			);
			name = "Supporting Files";
			sourceTree = "<group>";
		};
		4CCCCD7519DA086100237B98 /* Images */ = {
			isa = PBXGroup;
			children = (
				4CCCCD7619DA086F00237B98 /* background2.png */,
				4CCCCD7819DA089800237B98 /* applabels.png */,
				4CCCCD7919DA089800237B98 /* applabelsdark.png */,
				4CCCCD7A19DA089800237B98 /* backward-7.png */,
				4CCCCD7B19DA089800237B98 /* prlogo.png */,
				4CCCCD7C19DA089800237B98 /* rec2.png */,
				4CCCCD7D19DA089800237B98 /* reload.png */,
				4CCCCD7E19DA089800237B98 /* reload2.png */,
				4CCCCD7F19DA089800237B98 /* reload3.png */,
				4CCCCD8019DA089800237B98 /* reload4.png */,
				4CCCCD8119DA089800237B98 /* reload5.png */,
				4CCCCD8219DA089800237B98 /* reload6.png */,
				4CCCCD8319DA089800237B98 /* reload7.png */,
				4CCCCD8419DA089800237B98 /* reload8.png */,
				4CCCCD8519DA089800237B98 /* reload9.png */,
			);
			name = Images;
			sourceTree = "<group>";
		};
		4CCCCD9419DA089F00237B98 /* PDFs */ = {
			isa = PBXGroup;
			children = (
			);
			name = PDFs;
			sourceTree = "<group>";
		};
		4CCCCD9519DA090900237B98 /* Controllers */ = {
			isa = PBXGroup;
			children = (
				4CCCCD9619DA092500237B98 /* GroupFitnessController.h */,
				4CCCCD9719DA092500237B98 /* GroupFitnessController.m */,
				4CCCCD9819DA092500237B98 /* GymController.h */,
				4CCCCD9919DA092500237B98 /* GymController.m */,
				4CCCCD9A19DA092500237B98 /* NPAboutViewController.h */,
				4CCCCD9B19DA092500237B98 /* NPAboutViewController.m */,
				4CCCCD9C19DA092500237B98 /* NPAgendaViewController.h */,
				4CCCCD9D19DA092500237B98 /* NPAgendaViewController.m */,
				4CCCCD9E19DA092500237B98 /* NPScheduleViewController.h */,
				4CCCCD9F19DA092500237B98 /* NPScheduleViewController.m */,
				4CCCCDA019DA092500237B98 /* NPViewController.h */,
				4CCCCDA119DA092500237B98 /* NPViewController.m */,
				4CCCCDA219DA092500237B98 /* PoolController.h */,
				4CCCCDA319DA092500237B98 /* PoolController.m */,
				4CCCCDA419DA092500237B98 /* PremiumGroupController.h */,
				4CCCCDA519DA092500237B98 /* PremiumGroupController.m */,
				4CCCCDA619DA092500237B98 /* PrivateSwimController.h */,
				4CCCCDA719DA092500237B98 /* PrivateSwimController.m */,
				4CCCCDA819DA092500237B98 /* SwimLessonController.h */,
				4CCCCDA919DA092500237B98 /* SwimLessonController.m */,
			);
			name = Controllers;
			sourceTree = "<group>";
		};
/* End PBXGroup section */

/* Begin PBXNativeTarget section */
		4CCCCD4B19DA071B00237B98 /* myParksandRec */ = {
			isa = PBXNativeTarget;
			buildConfigurationList = 4CCCCD6F19DA071B00237B98 /* Build configuration list for PBXNativeTarget "myParksandRec" */;
			buildPhases = (
				4CCCCD4819DA071B00237B98 /* Sources */,
				4CCCCD4919DA071B00237B98 /* Frameworks */,
				4CCCCD4A19DA071B00237B98 /* Resources */,
			);
			buildRules = (
			);
			dependencies = (
			);
			name = myParksandRec;
			productName = myParksandRec;
			productReference = 4CCCCD4C19DA071B00237B98 /* myParksandRec.app */;
			productType = "com.apple.product-type.application";
		};
		4CCCCD6419DA071B00237B98 /* myParksandRecTests */ = {
			isa = PBXNativeTarget;
			buildConfigurationList = 4CCCCD7219DA071B00237B98 /* Build configuration list for PBXNativeTarget "myParksandRecTests" */;
			buildPhases = (
				4CCCCD6119DA071B00237B98 /* Sources */,
				4CCCCD6219DA071B00237B98 /* Frameworks */,
				4CCCCD6319DA071B00237B98 /* Resources */,
			);
			buildRules = (
			);
			dependencies = (
				4CCCCD6719DA071B00237B98 /* PBXTargetDependency */,
			);
			name = myParksandRecTests;
			productName = myParksandRecTests;
			productReference = 4CCCCD6519DA071B00237B98 /* myParksandRecTests.xctest */;
			productType = "com.apple.product-type.bundle.unit-test";
		};
/* End PBXNativeTarget section */

/* Begin PBXProject section */
		4CCCCD4419DA071B00237B98 /* Project object */ = {
			isa = PBXProject;
			attributes = {
				LastUpgradeCheck = 0600;
				ORGANIZATIONNAME = NikhilP;
				TargetAttributes = {
					4CCCCD4B19DA071B00237B98 = {
						CreatedOnToolsVersion = 6.0;
						DevelopmentTeam = H29XD2P9YS;
					};
					4CCCCD6419DA071B00237B98 = {
						CreatedOnToolsVersion = 6.0;
						TestTargetID = 4CCCCD4B19DA071B00237B98;
					};
				};
			};
			buildConfigurationList = 4CCCCD4719DA071B00237B98 /* Build configuration list for PBXProject "myParksandRec" */;
			compatibilityVersion = "Xcode 3.2";
			developmentRegion = English;
			hasScannedForEncodings = 0;
			knownRegions = (
				en,
				Base,
			);
			mainGroup = 4CCCCD4319DA071B00237B98;
			productRefGroup = 4CCCCD4D19DA071B00237B98 /* Products */;
			projectDirPath = "";
			projectRoot = "";
			targets = (
				4CCCCD4B19DA071B00237B98 /* myParksandRec */,
				4CCCCD6419DA071B00237B98 /* myParksandRecTests */,
			);
		};
/* End PBXProject section */

/* Begin PBXResourcesBuildPhase section */
		4CCCCD4A19DA071B00237B98 /* Resources */ = {
			isa = PBXResourcesBuildPhase;
			buildActionMask = 2147483647;
			files = (
				4CCCCD8D19DA089800237B98 /* reload3.png in Resources */,
				4CCCCD8919DA089800237B98 /* prlogo.png in Resources */,
				4CCCCD8719DA089800237B98 /* applabelsdark.png in Resources */,
				4CCCCD8A19DA089800237B98 /* rec2.png in Resources */,
				4CCCCD8819DA089800237B98 /* backward-7.png in Resources */,
				4CCCCD8B19DA089800237B98 /* reload.png in Resources */,
				4CCCCD7719DA086F00237B98 /* background2.png in Resources */,
				4CCCCD8619DA089800237B98 /* applabels.png in Resources */,
				4CCCCD8F19DA089800237B98 /* reload5.png in Resources */,
				4CCCCD9019DA089800237B98 /* reload6.png in Resources */,
				4CCCCD5B19DA071B00237B98 /* Main.storyboard in Resources */,
				4CCCCD9219DA089800237B98 /* reload8.png in Resources */,
				4CCCCD9319DA089800237B98 /* reload9.png in Resources */,
				4CCCCD8C19DA089800237B98 /* reload2.png in Resources */,
				4CCCCD9119DA089800237B98 /* reload7.png in Resources */,
				4CCCCD6019DA071B00237B98 /* LaunchScreen.xib in Resources */,
				4CCCCD8E19DA089800237B98 /* reload4.png in Resources */,
				4CCCCD5D19DA071B00237B98 /* Images.xcassets in Resources */,
			);
			runOnlyForDeploymentPostprocessing = 0;
		};
		4CCCCD6319DA071B00237B98 /* Resources */ = {
			isa = PBXResourcesBuildPhase;
			buildActionMask = 2147483647;
			files = (
			);
			runOnlyForDeploymentPostprocessing = 0;
		};
/* End PBXResourcesBuildPhase section */

/* Begin PBXSourcesBuildPhase section */
		4CCCCD4819DA071B00237B98 /* Sources */ = {
			isa = PBXSourcesBuildPhase;
			buildActionMask = 2147483647;
			files = (
				4CCCCDAC19DA092500237B98 /* NPAboutViewController.m in Sources */,
				4CCCCDB219DA092500237B98 /* PrivateSwimController.m in Sources */,
				4CCCCDAA19DA092500237B98 /* GroupFitnessController.m in Sources */,
				4CCCCD5819DA071B00237B98 /* ViewController.m in Sources */,
				4CCCCDAB19DA092500237B98 /* GymController.m in Sources */,
				4CCCCDAD19DA092500237B98 /* NPAgendaViewController.m in Sources */,
				4CCCCDB019DA092500237B98 /* PoolController.m in Sources */,
				4CCCCD5519DA071B00237B98 /* AppDelegate.m in Sources */,
				4CCCCDB319DA092500237B98 /* SwimLessonController.m in Sources */,
				4CCCCDAF19DA092500237B98 /* NPViewController.m in Sources */,
				4CCCCD5219DA071B00237B98 /* main.m in Sources */,
				4CCCCDAE19DA092500237B98 /* NPScheduleViewController.m in Sources */,
				4CCCCDB119DA092500237B98 /* PremiumGroupController.m in Sources */,
			);
			runOnlyForDeploymentPostprocessing = 0;
		};
		4CCCCD6119DA071B00237B98 /* Sources */ = {
			isa = PBXSourcesBuildPhase;
			buildActionMask = 2147483647;
			files = (
				4CCCCD6C19DA071B00237B98 /* myParksandRecTests.m in Sources */,
			);
			runOnlyForDeploymentPostprocessing = 0;
		};
/* End PBXSourcesBuildPhase section */

/* Begin PBXTargetDependency section */
		4CCCCD6719DA071B00237B98 /* PBXTargetDependency */ = {
			isa = PBXTargetDependency;
			target = 4CCCCD4B19DA071B00237B98 /* myParksandRec */;
			targetProxy = 4CCCCD6619DA071B00237B98 /* PBXContainerItemProxy */;
		};
/* End PBXTargetDependency section */

/* Begin PBXVariantGroup section */
		4CCCCD5919DA071B00237B98 /* Main.storyboard */ = {
			isa = PBXVariantGroup;
			children = (
				4CCCCD5A19DA071B00237B98 /* Base */,
			);
			name = Main.storyboard;
			sourceTree = "<group>";
		};
		4CCCCD5E19DA071B00237B98 /* LaunchScreen.xib */ = {
			isa = PBXVariantGroup;
			children = (
				4CCCCD5F19DA071B00237B98 /* Base */,
			);
			name = LaunchScreen.xib;
			sourceTree = "<group>";
		};
/* End PBXVariantGroup section */

/* Begin XCBuildConfiguration section */
		4CCCCD6D19DA071B00237B98 /* Debug */ = {
			isa = XCBuildConfiguration;
			buildSettings = {
				ALWAYS_SEARCH_USER_PATHS = NO;
				CLANG_CXX_LANGUAGE_STANDARD = "gnu++0x";
				CLANG_CXX_LIBRARY = "libc++";
				CLANG_ENABLE_MODULES = YES;
				CLANG_ENABLE_OBJC_ARC = YES;
				CLANG_WARN_BOOL_CONVERSION = YES;
				CLANG_WARN_CONSTANT_CONVERSION = YES;
				CLANG_WARN_DIRECT_OBJC_ISA_USAGE = YES_ERROR;
				CLANG_WARN_EMPTY_BODY = YES;
				CLANG_WARN_ENUM_CONVERSION = YES;
				CLANG_WARN_INT_CONVERSION = YES;
				CLANG_WARN_OBJC_ROOT_CLASS = YES_ERROR;
				CLANG_WARN_UNREACHABLE_CODE = YES;
				CLANG_WARN__DUPLICATE_METHOD_MATCH = YES;
				"CODE_SIGN_IDENTITY[sdk=iphoneos*]" = "iPhone Developer";
				COPY_PHASE_STRIP = NO;
				ENABLE_STRICT_OBJC_MSGSEND = YES;
				GCC_C_LANGUAGE_STANDARD = gnu99;
				GCC_DYNAMIC_NO_PIC = NO;
				GCC_OPTIMIZATION_LEVEL = 0;
				GCC_PREPROCESSOR_DEFINITIONS = (
					"DEBUG=1",
					"$(inherited)",
				);
				GCC_SYMBOLS_PRIVATE_EXTERN = NO;
				GCC_WARN_64_TO_32_BIT_CONVERSION = YES;
				GCC_WARN_ABOUT_RETURN_TYPE = YES_ERROR;
				GCC_WARN_UNDECLARED_SELECTOR = YES;
				GCC_WARN_UNINITIALIZED_AUTOS = YES_AGGRESSIVE;
				GCC_WARN_UNUSED_FUNCTION = YES;
				GCC_WARN_UNUSED_VARIABLE = YES;
				IPHONEOS_DEPLOYMENT_TARGET = 8.0;
				MTL_ENABLE_DEBUG_INFO = YES;
				ONLY_ACTIVE_ARCH = YES;
				SDKROOT = iphoneos;
			};
			name = Debug;
		};
		4CCCCD6E19DA071B00237B98 /* Release */ = {
			isa = XCBuildConfiguration;
			buildSettings = {
				ALWAYS_SEARCH_USER_PATHS = NO;
				CLANG_CXX_LANGUAGE_STANDARD = "gnu++0x";
				CLANG_CXX_LIBRARY = "libc++";
				CLANG_ENABLE_MODULES = YES;
				CLANG_ENABLE_OBJC_ARC = YES;
				CLANG_WARN_BOOL_CONVERSION = YES;
				CLANG_WARN_CONSTANT_CONVERSION = YES;
				CLANG_WARN_DIRECT_OBJC_ISA_USAGE = YES_ERROR;
				CLANG_WARN_EMPTY_BODY = YES;
				CLANG_WARN_ENUM_CONVERSION = YES;
				CLANG_WARN_INT_CONVERSION = YES;
				CLANG_WARN_OBJC_ROOT_CLASS = YES_ERROR;
				CLANG_WARN_UNREACHABLE_CODE = YES;
				CLANG_WARN__DUPLICATE_METHOD_MATCH = YES;
				"CODE_SIGN_IDENTITY[sdk=iphoneos*]" = "iPhone Developer";
				COPY_PHASE_STRIP = YES;
				ENABLE_NS_ASSERTIONS = NO;
				ENABLE_STRICT_OBJC_MSGSEND = YES;
				GCC_C_LANGUAGE_STANDARD = gnu99;
				GCC_WARN_64_TO_32_BIT_CONVERSION = YES;
				GCC_WARN_ABOUT_RETURN_TYPE = YES_ERROR;
				GCC_WARN_UNDECLARED_SELECTOR = YES;
				GCC_WARN_UNINITIALIZED_AUTOS = YES_AGGRESSIVE;
				GCC_WARN_UNUSED_FUNCTION = YES;
				GCC_WARN_UNUSED_VARIABLE = YES;
				IPHONEOS_DEPLOYMENT_TARGET = 8.0;
				MTL_ENABLE_DEBUG_INFO = NO;
				SDKROOT = iphoneos;
				VALIDATE_PRODUCT = YES;
			};
			name = Release;
		};
		4CCCCD7019DA071B00237B98 /* Debug */ = {
			isa = XCBuildConfiguration;
			buildSettings = {
				ASSETCATALOG_COMPILER_APPICON_NAME = AppIcon;
				CODE_SIGN_IDENTITY = "iPhone Developer";
				"CODE_SIGN_IDENTITY[sdk=iphoneos*]" = "iPhone Developer";
				INFOPLIST_FILE = myParksandRec/Info.plist;
				LD_RUNPATH_SEARCH_PATHS = "$(inherited) @executable_path/Frameworks";
				PRODUCT_NAME = "$(TARGET_NAME)";
				PROVISIONING_PROFILE = "";
			};
			name = Debug;
		};
		4CCCCD7119DA071B00237B98 /* Release */ = {
			isa = XCBuildConfiguration;
			buildSettings = {
				ASSETCATALOG_COMPILER_APPICON_NAME = AppIcon;
				CODE_SIGN_IDENTITY = "iPhone Developer";
				"CODE_SIGN_IDENTITY[sdk=iphoneos*]" = "iPhone Developer";
				INFOPLIST_FILE = myParksandRec/Info.plist;
				LD_RUNPATH_SEARCH_PATHS = "$(inherited) @executable_path/Frameworks";
				PRODUCT_NAME = "$(TARGET_NAME)";
				PROVISIONING_PROFILE = "";
			};
			name = Release;
		};
		4CCCCD7319DA071B00237B98 /* Debug */ = {
			isa = XCBuildConfiguration;
			buildSettings = {
				BUNDLE_LOADER = "$(TEST_HOST)";
				FRAMEWORK_SEARCH_PATHS = (
					"$(SDKROOT)/Developer/Library/Frameworks",
					"$(inherited)",
				);
				GCC_PREPROCESSOR_DEFINITIONS = (
					"DEBUG=1",
					"$(inherited)",
				);
				INFOPLIST_FILE = myParksandRecTests/Info.plist;
				LD_RUNPATH_SEARCH_PATHS = "$(inherited) @executable_path/Frameworks @loader_path/Frameworks";
				PRODUCT_NAME = "$(TARGET_NAME)";
				TEST_HOST = "$(BUILT_PRODUCTS_DIR)/myParksandRec.app/myParksandRec";
			};
			name = Debug;
		};
		4CCCCD7419DA071B00237B98 /* Release */ = {
			isa = XCBuildConfiguration;
			buildSettings = {
				BUNDLE_LOADER = "$(TEST_HOST)";
				FRAMEWORK_SEARCH_PATHS = (
					"$(SDKROOT)/Developer/Library/Frameworks",
					"$(inherited)",
				);
				INFOPLIST_FILE = myParksandRecTests/Info.plist;
				LD_RUNPATH_SEARCH_PATHS = "$(inherited) @executable_path/Frameworks @loader_path/Frameworks";
				PRODUCT_NAME = "$(TARGET_NAME)";
				TEST_HOST = "$(BUILT_PRODUCTS_DIR)/myParksandRec.app/myParksandRec";
			};
			name = Release;
		};
/* End XCBuildConfiguration section */

/* Begin XCConfigurationList section */
		4CCCCD4719DA071B00237B98 /* Build configuration list for PBXProject "myParksandRec" */ = {
			isa = XCConfigurationList;
			buildConfigurations = (
				4CCCCD6D19DA071B00237B98 /* Debug */,
				4CCCCD6E19DA071B00237B98 /* Release */,
			);
			defaultConfigurationIsVisible = 0;
			defaultConfigurationName = Release;
		};
		4CCCCD6F19DA071B00237B98 /* Build configuration list for PBXNativeTarget "myParksandRec" */ = {
			isa = XCConfigurationList;
			buildConfigurations = (
				4CCCCD7019DA071B00237B98 /* Debug */,
				4CCCCD7119DA071B00237B98 /* Release */,
			);
			defaultConfigurationIsVisible = 0;
			defaultConfigurationName = Release;
		};
		4CCCCD7219DA071B00237B98 /* Build configuration list for PBXNativeTarget "myParksandRecTests" */ = {
			isa = XCConfigurationList;
			buildConfigurations = (
				4CCCCD7319DA071B00237B98 /* Debug */,
				4CCCCD7419DA071B00237B98 /* Release */,
			);
			defaultConfigurationIsVisible = 0;
			defaultConfigurationName = Release;
		};
/* End XCConfigurationList section */
	};
	rootObject = 4CCCCD4419DA071B00237B98 /* Project object */;
}
