// !$*UTF8*$!
{
	archiveVersion = 1;
	classes = {
	};
	objectVersion = 46;
	objects = {

/* Begin PBXBuildFile section */
		4C26A73A18C55D65001845CB /* NPScheduleViewController.m in Sources */ = {isa = PBXBuildFile; fileRef = 4C26A73918C55D65001845CB /* NPScheduleViewController.m */; };
		4C88D4F418C2806B00D4F4AC /* Foundation.framework in Frameworks */ = {isa = PBXBuildFile; fileRef = 4C88D4F318C2806B00D4F4AC /* Foundation.framework */; };
		4C88D4F618C2806B00D4F4AC /* CoreGraphics.framework in Frameworks */ = {isa = PBXBuildFile; fileRef = 4C88D4F518C2806B00D4F4AC /* CoreGraphics.framework */; };
		4C88D4F818C2806B00D4F4AC /* UIKit.framework in Frameworks */ = {isa = PBXBuildFile; fileRef = 4C88D4F718C2806B00D4F4AC /* UIKit.framework */; };
		4C88D4FE18C2806B00D4F4AC /* InfoPlist.strings in Resources */ = {isa = PBXBuildFile; fileRef = 4C88D4FC18C2806B00D4F4AC /* InfoPlist.strings */; };
		4C88D50018C2806B00D4F4AC /* main.m in Sources */ = {isa = PBXBuildFile; fileRef = 4C88D4FF18C2806B00D4F4AC /* main.m */; };
		4C88D50418C2806B00D4F4AC /* NPAppDelegate.m in Sources */ = {isa = PBXBuildFile; fileRef = 4C88D50318C2806B00D4F4AC /* NPAppDelegate.m */; };
		4C88D50718C2806B00D4F4AC /* Main.storyboard in Resources */ = {isa = PBXBuildFile; fileRef = 4C88D50518C2806B00D4F4AC /* Main.storyboard */; };
		4C88D50A18C2806B00D4F4AC /* NPViewController.m in Sources */ = {isa = PBXBuildFile; fileRef = 4C88D50918C2806B00D4F4AC /* NPViewController.m */; };
		4C88D50C18C2806B00D4F4AC /* Images.xcassets in Resources */ = {isa = PBXBuildFile; fileRef = 4C88D50B18C2806B00D4F4AC /* Images.xcassets */; };
		4C88D51318C2806B00D4F4AC /* XCTest.framework in Frameworks */ = {isa = PBXBuildFile; fileRef = 4C88D51218C2806B00D4F4AC /* XCTest.framework */; };
		4C88D51418C2806B00D4F4AC /* Foundation.framework in Frameworks */ = {isa = PBXBuildFile; fileRef = 4C88D4F318C2806B00D4F4AC /* Foundation.framework */; };
		4C88D51518C2806B00D4F4AC /* UIKit.framework in Frameworks */ = {isa = PBXBuildFile; fileRef = 4C88D4F718C2806B00D4F4AC /* UIKit.framework */; };
		4C88D51D18C2806B00D4F4AC /* InfoPlist.strings in Resources */ = {isa = PBXBuildFile; fileRef = 4C88D51B18C2806B00D4F4AC /* InfoPlist.strings */; };
		4C88D51F18C2806B00D4F4AC /* Ridgefield_Parks_and_RecreationTests.m in Sources */ = {isa = PBXBuildFile; fileRef = 4C88D51E18C2806B00D4F4AC /* Ridgefield_Parks_and_RecreationTests.m */; };
		4C88D52C18C2812400D4F4AC /* background.png in Resources */ = {isa = PBXBuildFile; fileRef = 4C88D52B18C2812400D4F4AC /* background.png */; };
		4C88D52D18C2813500D4F4AC /* applabels.png in Resources */ = {isa = PBXBuildFile; fileRef = 4C88D52F18C2813500D4F4AC /* applabels.png */; };
		4C88D53318C2835700D4F4AC /* lnchImage.png in Resources */ = {isa = PBXBuildFile; fileRef = 4C88D53218C2835700D4F4AC /* lnchImage.png */; };
		4C88D53718C283D800D4F4AC /* Icon-Small@2x.png in Resources */ = {isa = PBXBuildFile; fileRef = 4C88D53618C283D800D4F4AC /* Icon-Small@2x.png */; };
		4C88D53918C283EE00D4F4AC /* Icon-Spotlight-40@2x.png in Resources */ = {isa = PBXBuildFile; fileRef = 4C88D53818C283EE00D4F4AC /* Icon-Spotlight-40@2x.png */; };
		4C88D53C18C28A1D00D4F4AC /* LnchImage-NR.png in Resources */ = {isa = PBXBuildFile; fileRef = 4C88D53A18C28A1D00D4F4AC /* LnchImage-NR.png */; };
		4C88D53F18C28CBF00D4F4AC /* applabdark.png in Resources */ = {isa = PBXBuildFile; fileRef = 4C88D53E18C28CBF00D4F4AC /* applabdark.png */; };
/* End PBXBuildFile section */

/* Begin PBXContainerItemProxy section */
		4C88D51618C2806B00D4F4AC /* PBXContainerItemProxy */ = {
			isa = PBXContainerItemProxy;
			containerPortal = 4C88D4E818C2806B00D4F4AC /* Project object */;
			proxyType = 1;
			remoteGlobalIDString = 4C88D4EF18C2806B00D4F4AC;
			remoteInfo = "Ridgefield Parks and Recreation";
		};
/* End PBXContainerItemProxy section */

/* Begin PBXFileReference section */
		4C26A73818C55D65001845CB /* NPScheduleViewController.h */ = {isa = PBXFileReference; fileEncoding = 4; lastKnownFileType = sourcecode.c.h; path = NPScheduleViewController.h; sourceTree = "<group>"; };
		4C26A73918C55D65001845CB /* NPScheduleViewController.m */ = {isa = PBXFileReference; fileEncoding = 4; lastKnownFileType = sourcecode.c.objc; path = NPScheduleViewController.m; sourceTree = "<group>"; };
		4C88D4F018C2806B00D4F4AC /* Ridgefield Parks and Recreation.app */ = {isa = PBXFileReference; explicitFileType = wrapper.application; includeInIndex = 0; path = "Ridgefield Parks and Recreation.app"; sourceTree = BUILT_PRODUCTS_DIR; };
		4C88D4F318C2806B00D4F4AC /* Foundation.framework */ = {isa = PBXFileReference; lastKnownFileType = wrapper.framework; name = Foundation.framework; path = System/Library/Frameworks/Foundation.framework; sourceTree = SDKROOT; };
		4C88D4F518C2806B00D4F4AC /* CoreGraphics.framework */ = {isa = PBXFileReference; lastKnownFileType = wrapper.framework; name = CoreGraphics.framework; path = System/Library/Frameworks/CoreGraphics.framework; sourceTree = SDKROOT; };
		4C88D4F718C2806B00D4F4AC /* UIKit.framework */ = {isa = PBXFileReference; lastKnownFileType = wrapper.framework; name = UIKit.framework; path = System/Library/Frameworks/UIKit.framework; sourceTree = SDKROOT; };
		4C88D4FB18C2806B00D4F4AC /* Ridgefield Parks and Recreation-Info.plist */ = {isa = PBXFileReference; lastKnownFileType = text.plist.xml; path = "Ridgefield Parks and Recreation-Info.plist"; sourceTree = "<group>"; };
		4C88D4FD18C2806B00D4F4AC /* en */ = {isa = PBXFileReference; lastKnownFileType = text.plist.strings; name = en; path = en.lproj/InfoPlist.strings; sourceTree = "<group>"; };
		4C88D4FF18C2806B00D4F4AC /* main.m */ = {isa = PBXFileReference; lastKnownFileType = sourcecode.c.objc; path = main.m; sourceTree = "<group>"; };
		4C88D50118C2806B00D4F4AC /* Ridgefield Parks and Recreation-Prefix.pch */ = {isa = PBXFileReference; lastKnownFileType = sourcecode.c.h; path = "Ridgefield Parks and Recreation-Prefix.pch"; sourceTree = "<group>"; };
		4C88D50218C2806B00D4F4AC /* NPAppDelegate.h */ = {isa = PBXFileReference; lastKnownFileType = sourcecode.c.h; path = NPAppDelegate.h; sourceTree = "<group>"; };
		4C88D50318C2806B00D4F4AC /* NPAppDelegate.m */ = {isa = PBXFileReference; lastKnownFileType = sourcecode.c.objc; path = NPAppDelegate.m; sourceTree = "<group>"; };
		4C88D50618C2806B00D4F4AC /* Base */ = {isa = PBXFileReference; lastKnownFileType = file.storyboard; name = Base; path = Base.lproj/Main.storyboard; sourceTree = "<group>"; };
		4C88D50818C2806B00D4F4AC /* NPViewController.h */ = {isa = PBXFileReference; lastKnownFileType = sourcecode.c.h; path = NPViewController.h; sourceTree = "<group>"; };
		4C88D50918C2806B00D4F4AC /* NPViewController.m */ = {isa = PBXFileReference; lastKnownFileType = sourcecode.c.objc; path = NPViewController.m; sourceTree = "<group>"; };
		4C88D50B18C2806B00D4F4AC /* Images.xcassets */ = {isa = PBXFileReference; lastKnownFileType = folder.assetcatalog; path = Images.xcassets; sourceTree = "<group>"; };
		4C88D51118C2806B00D4F4AC /* Ridgefield Parks and RecreationTests.xctest */ = {isa = PBXFileReference; explicitFileType = wrapper.cfbundle; includeInIndex = 0; path = "Ridgefield Parks and RecreationTests.xctest"; sourceTree = BUILT_PRODUCTS_DIR; };
		4C88D51218C2806B00D4F4AC /* XCTest.framework */ = {isa = PBXFileReference; lastKnownFileType = wrapper.framework; name = XCTest.framework; path = Library/Frameworks/XCTest.framework; sourceTree = DEVELOPER_DIR; };
		4C88D51A18C2806B00D4F4AC /* Ridgefield Parks and RecreationTests-Info.plist */ = {isa = PBXFileReference; lastKnownFileType = text.plist.xml; path = "Ridgefield Parks and RecreationTests-Info.plist"; sourceTree = "<group>"; };
		4C88D51C18C2806B00D4F4AC /* en */ = {isa = PBXFileReference; lastKnownFileType = text.plist.strings; name = en; path = en.lproj/InfoPlist.strings; sourceTree = "<group>"; };
		4C88D51E18C2806B00D4F4AC /* Ridgefield_Parks_and_RecreationTests.m */ = {isa = PBXFileReference; lastKnownFileType = sourcecode.c.objc; path = Ridgefield_Parks_and_RecreationTests.m; sourceTree = "<group>"; };
		4C88D52818C280BD00D4F4AC /* Icon-60@2x.png */ = {isa = PBXFileReference; lastKnownFileType = image.png; name = "Icon-60@2x.png"; path = "../../../../Pictures/PandR-iOS-Icons/iPhone/Icon-60@2x.png"; sourceTree = "<group>"; };
		4C88D52B18C2812400D4F4AC /* background.png */ = {isa = PBXFileReference; lastKnownFileType = image.png; name = background.png; path = ../../../../../Pictures/background.png; sourceTree = "<group>"; };
		4C88D52E18C2813500D4F4AC /* Base */ = {isa = PBXFileReference; lastKnownFileType = image.png; name = Base; path = Base.lproj/applabels.png; sourceTree = "<group>"; };
		4C88D53218C2835700D4F4AC /* lnchImage.png */ = {isa = PBXFileReference; lastKnownFileType = image.png; name = lnchImage.png; path = ../../../../../Pictures/lnchImage.png; sourceTree = "<group>"; };
		4C88D53618C283D800D4F4AC /* Icon-Small@2x.png */ = {isa = PBXFileReference; lastKnownFileType = image.png; name = "Icon-Small@2x.png"; path = "../../../../../Pictures/PandR-iOS-Icons/iPhone/Icon-Small@2x.png"; sourceTree = "<group>"; };
		4C88D53818C283EE00D4F4AC /* Icon-Spotlight-40@2x.png */ = {isa = PBXFileReference; lastKnownFileType = image.png; name = "Icon-Spotlight-40@2x.png"; path = "../../../../../Pictures/PandR-iOS-Icons/iPhone/Icon-Spotlight-40@2x.png"; sourceTree = "<group>"; };
		4C88D53A18C28A1D00D4F4AC /* LnchImage-NR.png */ = {isa = PBXFileReference; lastKnownFileType = image.png; name = "LnchImage-NR.png"; path = "../../../../../Pictures/LnchImage-NR.png"; sourceTree = "<group>"; };
		4C88D53E18C28CBF00D4F4AC /* applabdark.png */ = {isa = PBXFileReference; lastKnownFileType = image.png; name = applabdark.png; path = ../../../../../Pictures/applabdark.png; sourceTree = "<group>"; };
		4C88D55118C2927D00D4F4AC /* libxml2.dylib */ = {isa = PBXFileReference; lastKnownFileType = "compiled.mach-o.dylib"; name = libxml2.dylib; path = usr/lib/libxml2.dylib; sourceTree = SDKROOT; };
/* End PBXFileReference section */

/* Begin PBXFrameworksBuildPhase section */
		4C88D4ED18C2806B00D4F4AC /* Frameworks */ = {
			isa = PBXFrameworksBuildPhase;
			buildActionMask = 2147483647;
			files = (
				4C88D4F618C2806B00D4F4AC /* CoreGraphics.framework in Frameworks */,
				4C88D4F818C2806B00D4F4AC /* UIKit.framework in Frameworks */,
				4C88D4F418C2806B00D4F4AC /* Foundation.framework in Frameworks */,
			);
			runOnlyForDeploymentPostprocessing = 0;
		};
		4C88D50E18C2806B00D4F4AC /* Frameworks */ = {
			isa = PBXFrameworksBuildPhase;
			buildActionMask = 2147483647;
			files = (
				4C88D51318C2806B00D4F4AC /* XCTest.framework in Frameworks */,
				4C88D51518C2806B00D4F4AC /* UIKit.framework in Frameworks */,
				4C88D51418C2806B00D4F4AC /* Foundation.framework in Frameworks */,
			);
			runOnlyForDeploymentPostprocessing = 0;
		};
/* End PBXFrameworksBuildPhase section */

/* Begin PBXGroup section */
		4C88D4E718C2806B00D4F4AC = {
			isa = PBXGroup;
			children = (
				4C88D52818C280BD00D4F4AC /* Icon-60@2x.png */,
				4C88D4F918C2806B00D4F4AC /* Ridgefield Parks and Recreation */,
				4C88D51818C2806B00D4F4AC /* Ridgefield Parks and RecreationTests */,
				4C88D4F218C2806B00D4F4AC /* Frameworks */,
				4C88D4F118C2806B00D4F4AC /* Products */,
			);
			sourceTree = "<group>";
		};
		4C88D4F118C2806B00D4F4AC /* Products */ = {
			isa = PBXGroup;
			children = (
				4C88D4F018C2806B00D4F4AC /* Ridgefield Parks and Recreation.app */,
				4C88D51118C2806B00D4F4AC /* Ridgefield Parks and RecreationTests.xctest */,
			);
			name = Products;
			sourceTree = "<group>";
		};
		4C88D4F218C2806B00D4F4AC /* Frameworks */ = {
			isa = PBXGroup;
			children = (
				4C88D55118C2927D00D4F4AC /* libxml2.dylib */,
				4C88D4F318C2806B00D4F4AC /* Foundation.framework */,
				4C88D4F518C2806B00D4F4AC /* CoreGraphics.framework */,
				4C88D4F718C2806B00D4F4AC /* UIKit.framework */,
				4C88D51218C2806B00D4F4AC /* XCTest.framework */,
			);
			name = Frameworks;
			sourceTree = "<group>";
		};
		4C88D4F918C2806B00D4F4AC /* Ridgefield Parks and Recreation */ = {
			isa = PBXGroup;
			children = (
				4C88D50218C2806B00D4F4AC /* NPAppDelegate.h */,
				4C88D53218C2835700D4F4AC /* lnchImage.png */,
				4C88D53E18C28CBF00D4F4AC /* applabdark.png */,
				4C88D53618C283D800D4F4AC /* Icon-Small@2x.png */,
				4C88D53A18C28A1D00D4F4AC /* LnchImage-NR.png */,
				4C88D53818C283EE00D4F4AC /* Icon-Spotlight-40@2x.png */,
				4C88D52B18C2812400D4F4AC /* background.png */,
				4C88D52F18C2813500D4F4AC /* applabels.png */,
				4C88D50318C2806B00D4F4AC /* NPAppDelegate.m */,
				4C88D50518C2806B00D4F4AC /* Main.storyboard */,
				4C88D50818C2806B00D4F4AC /* NPViewController.h */,
				4C88D50918C2806B00D4F4AC /* NPViewController.m */,
				4C88D50B18C2806B00D4F4AC /* Images.xcassets */,
				4C88D4FA18C2806B00D4F4AC /* Supporting Files */,
				4C26A73818C55D65001845CB /* NPScheduleViewController.h */,
				4C26A73918C55D65001845CB /* NPScheduleViewController.m */,
			);
			path = "Ridgefield Parks and Recreation";
			sourceTree = "<group>";
		};
		4C88D4FA18C2806B00D4F4AC /* Supporting Files */ = {
			isa = PBXGroup;
			children = (
				4C88D4FB18C2806B00D4F4AC /* Ridgefield Parks and Recreation-Info.plist */,
				4C88D4FC18C2806B00D4F4AC /* InfoPlist.strings */,
				4C88D4FF18C2806B00D4F4AC /* main.m */,
				4C88D50118C2806B00D4F4AC /* Ridgefield Parks and Recreation-Prefix.pch */,
			);
			name = "Supporting Files";
			sourceTree = "<group>";
		};
		4C88D51818C2806B00D4F4AC /* Ridgefield Parks and RecreationTests */ = {
			isa = PBXGroup;
			children = (
				4C88D51E18C2806B00D4F4AC /* Ridgefield_Parks_and_RecreationTests.m */,
				4C88D51918C2806B00D4F4AC /* Supporting Files */,
			);
			path = "Ridgefield Parks and RecreationTests";
			sourceTree = "<group>";
		};
		4C88D51918C2806B00D4F4AC /* Supporting Files */ = {
			isa = PBXGroup;
			children = (
				4C88D51A18C2806B00D4F4AC /* Ridgefield Parks and RecreationTests-Info.plist */,
				4C88D51B18C2806B00D4F4AC /* InfoPlist.strings */,
			);
			name = "Supporting Files";
			sourceTree = "<group>";
		};
/* End PBXGroup section */

/* Begin PBXNativeTarget section */
		4C88D4EF18C2806B00D4F4AC /* Ridgefield Parks and Recreation */ = {
			isa = PBXNativeTarget;
			buildConfigurationList = 4C88D52218C2806B00D4F4AC /* Build configuration list for PBXNativeTarget "Ridgefield Parks and Recreation" */;
			buildPhases = (
				4C88D4EC18C2806B00D4F4AC /* Sources */,
				4C88D4ED18C2806B00D4F4AC /* Frameworks */,
				4C88D4EE18C2806B00D4F4AC /* Resources */,
			);
			buildRules = (
			);
			dependencies = (
			);
			name = "Ridgefield Parks and Recreation";
			productName = "Ridgefield Parks and Recreation";
			productReference = 4C88D4F018C2806B00D4F4AC /* Ridgefield Parks and Recreation.app */;
			productType = "com.apple.product-type.application";
		};
		4C88D51018C2806B00D4F4AC /* Ridgefield Parks and RecreationTests */ = {
			isa = PBXNativeTarget;
			buildConfigurationList = 4C88D52518C2806B00D4F4AC /* Build configuration list for PBXNativeTarget "Ridgefield Parks and RecreationTests" */;
			buildPhases = (
				4C88D50D18C2806B00D4F4AC /* Sources */,
				4C88D50E18C2806B00D4F4AC /* Frameworks */,
				4C88D50F18C2806B00D4F4AC /* Resources */,
			);
			buildRules = (
			);
			dependencies = (
				4C88D51718C2806B00D4F4AC /* PBXTargetDependency */,
			);
			name = "Ridgefield Parks and RecreationTests";
			productName = "Ridgefield Parks and RecreationTests";
			productReference = 4C88D51118C2806B00D4F4AC /* Ridgefield Parks and RecreationTests.xctest */;
			productType = "com.apple.product-type.bundle.unit-test";
		};
/* End PBXNativeTarget section */

/* Begin PBXProject section */
		4C88D4E818C2806B00D4F4AC /* Project object */ = {
			isa = PBXProject;
			attributes = {
				CLASSPREFIX = NP;
				LastUpgradeCheck = 0500;
				ORGANIZATIONNAME = NikhilP;
				TargetAttributes = {
					4C88D51018C2806B00D4F4AC = {
						TestTargetID = 4C88D4EF18C2806B00D4F4AC;
					};
				};
			};
			buildConfigurationList = 4C88D4EB18C2806B00D4F4AC /* Build configuration list for PBXProject "Ridgefield Parks and Recreation" */;
			compatibilityVersion = "Xcode 3.2";
			developmentRegion = English;
			hasScannedForEncodings = 0;
			knownRegions = (
				en,
				Base,
			);
			mainGroup = 4C88D4E718C2806B00D4F4AC;
			productRefGroup = 4C88D4F118C2806B00D4F4AC /* Products */;
			projectDirPath = "";
			projectRoot = "";
			targets = (
				4C88D4EF18C2806B00D4F4AC /* Ridgefield Parks and Recreation */,
				4C88D51018C2806B00D4F4AC /* Ridgefield Parks and RecreationTests */,
			);
		};
/* End PBXProject section */

/* Begin PBXResourcesBuildPhase section */
		4C88D4EE18C2806B00D4F4AC /* Resources */ = {
			isa = PBXResourcesBuildPhase;
			buildActionMask = 2147483647;
			files = (
				4C88D53318C2835700D4F4AC /* lnchImage.png in Resources */,
				4C88D53918C283EE00D4F4AC /* Icon-Spotlight-40@2x.png in Resources */,
				4C88D52D18C2813500D4F4AC /* applabels.png in Resources */,
				4C88D53F18C28CBF00D4F4AC /* applabdark.png in Resources */,
				4C88D52C18C2812400D4F4AC /* background.png in Resources */,
				4C88D50C18C2806B00D4F4AC /* Images.xcassets in Resources */,
				4C88D53718C283D800D4F4AC /* Icon-Small@2x.png in Resources */,
				4C88D4FE18C2806B00D4F4AC /* InfoPlist.strings in Resources */,
				4C88D53C18C28A1D00D4F4AC /* LnchImage-NR.png in Resources */,
				4C88D50718C2806B00D4F4AC /* Main.storyboard in Resources */,
			);
			runOnlyForDeploymentPostprocessing = 0;
		};
		4C88D50F18C2806B00D4F4AC /* Resources */ = {
			isa = PBXResourcesBuildPhase;
			buildActionMask = 2147483647;
			files = (
				4C88D51D18C2806B00D4F4AC /* InfoPlist.strings in Resources */,
			);
			runOnlyForDeploymentPostprocessing = 0;
		};
/* End PBXResourcesBuildPhase section */

/* Begin PBXSourcesBuildPhase section */
		4C88D4EC18C2806B00D4F4AC /* Sources */ = {
			isa = PBXSourcesBuildPhase;
			buildActionMask = 2147483647;
			files = (
				4C88D50A18C2806B00D4F4AC /* NPViewController.m in Sources */,
				4C88D50418C2806B00D4F4AC /* NPAppDelegate.m in Sources */,
				4C88D50018C2806B00D4F4AC /* main.m in Sources */,
				4C26A73A18C55D65001845CB /* NPScheduleViewController.m in Sources */,
			);
			runOnlyForDeploymentPostprocessing = 0;
		};
		4C88D50D18C2806B00D4F4AC /* Sources */ = {
			isa = PBXSourcesBuildPhase;
			buildActionMask = 2147483647;
			files = (
				4C88D51F18C2806B00D4F4AC /* Ridgefield_Parks_and_RecreationTests.m in Sources */,
			);
			runOnlyForDeploymentPostprocessing = 0;
		};
/* End PBXSourcesBuildPhase section */

/* Begin PBXTargetDependency section */
		4C88D51718C2806B00D4F4AC /* PBXTargetDependency */ = {
			isa = PBXTargetDependency;
			target = 4C88D4EF18C2806B00D4F4AC /* Ridgefield Parks and Recreation */;
			targetProxy = 4C88D51618C2806B00D4F4AC /* PBXContainerItemProxy */;
		};
/* End PBXTargetDependency section */

/* Begin PBXVariantGroup section */
		4C88D4FC18C2806B00D4F4AC /* InfoPlist.strings */ = {
			isa = PBXVariantGroup;
			children = (
				4C88D4FD18C2806B00D4F4AC /* en */,
			);
			name = InfoPlist.strings;
			sourceTree = "<group>";
		};
		4C88D50518C2806B00D4F4AC /* Main.storyboard */ = {
			isa = PBXVariantGroup;
			children = (
				4C88D50618C2806B00D4F4AC /* Base */,
			);
			name = Main.storyboard;
			sourceTree = "<group>";
		};
		4C88D51B18C2806B00D4F4AC /* InfoPlist.strings */ = {
			isa = PBXVariantGroup;
			children = (
				4C88D51C18C2806B00D4F4AC /* en */,
			);
			name = InfoPlist.strings;
			sourceTree = "<group>";
		};
		4C88D52F18C2813500D4F4AC /* applabels.png */ = {
			isa = PBXVariantGroup;
			children = (
				4C88D52E18C2813500D4F4AC /* Base */,
			);
			name = applabels.png;
			path = ../../../../../Pictures;
			sourceTree = "<group>";
		};
/* End PBXVariantGroup section */

/* Begin XCBuildConfiguration section */
		4C88D52018C2806B00D4F4AC /* Debug */ = {
			isa = XCBuildConfiguration;
			buildSettings = {
				ALWAYS_SEARCH_USER_PATHS = NO;
				ARCHS = "$(ARCHS_STANDARD_INCLUDING_64_BIT)";
				CLANG_CXX_LANGUAGE_STANDARD = "gnu++0x";
				CLANG_CXX_LIBRARY = "libc++";
				CLANG_ENABLE_MODULES = YES;
				CLANG_ENABLE_OBJC_ARC = YES;
				CLANG_WARN_BOOL_CONVERSION = YES;
				CLANG_WARN_CONSTANT_CONVERSION = YES;
				CLANG_WARN_DIRECT_OBJC_ISA_USAGE = YES_ERROR;
				CLANG_WARN_EMPTY_BODY = YES;
				CLANG_WARN_ENUM_CONVERSION = YES;
				CLANG_WARN_INT_CONVERSION = YES;
				CLANG_WARN_OBJC_ROOT_CLASS = YES_ERROR;
				CLANG_WARN__DUPLICATE_METHOD_MATCH = YES;
				"CODE_SIGN_IDENTITY[sdk=iphoneos*]" = "iPhone Developer";
				COPY_PHASE_STRIP = NO;
				GCC_C_LANGUAGE_STANDARD = gnu99;
				GCC_DYNAMIC_NO_PIC = NO;
				GCC_OPTIMIZATION_LEVEL = 0;
				GCC_PREPROCESSOR_DEFINITIONS = (
					"DEBUG=1",
					"$(inherited)",
				);
				GCC_SYMBOLS_PRIVATE_EXTERN = NO;
				GCC_WARN_64_TO_32_BIT_CONVERSION = YES;
				GCC_WARN_ABOUT_RETURN_TYPE = YES_ERROR;
				GCC_WARN_UNDECLARED_SELECTOR = YES;
				GCC_WARN_UNINITIALIZED_AUTOS = YES;
				GCC_WARN_UNUSED_FUNCTION = YES;
				GCC_WARN_UNUSED_VARIABLE = YES;
				IPHONEOS_DEPLOYMENT_TARGET = 7.0;
				ONLY_ACTIVE_ARCH = YES;
				SDKROOT = iphoneos;
			};
			name = Debug;
		};
		4C88D52118C2806B00D4F4AC /* Release */ = {
			isa = XCBuildConfiguration;
			buildSettings = {
				ALWAYS_SEARCH_USER_PATHS = NO;
				ARCHS = "$(ARCHS_STANDARD_INCLUDING_64_BIT)";
				CLANG_CXX_LANGUAGE_STANDARD = "gnu++0x";
				CLANG_CXX_LIBRARY = "libc++";
				CLANG_ENABLE_MODULES = YES;
				CLANG_ENABLE_OBJC_ARC = YES;
				CLANG_WARN_BOOL_CONVERSION = YES;
				CLANG_WARN_CONSTANT_CONVERSION = YES;
				CLANG_WARN_DIRECT_OBJC_ISA_USAGE = YES_ERROR;
				CLANG_WARN_EMPTY_BODY = YES;
				CLANG_WARN_ENUM_CONVERSION = YES;
				CLANG_WARN_INT_CONVERSION = YES;
				CLANG_WARN_OBJC_ROOT_CLASS = YES_ERROR;
				CLANG_WARN__DUPLICATE_METHOD_MATCH = YES;
				"CODE_SIGN_IDENTITY[sdk=iphoneos*]" = "iPhone Developer";
				COPY_PHASE_STRIP = YES;
				ENABLE_NS_ASSERTIONS = NO;
				GCC_C_LANGUAGE_STANDARD = gnu99;
				GCC_WARN_64_TO_32_BIT_CONVERSION = YES;
				GCC_WARN_ABOUT_RETURN_TYPE = YES_ERROR;
				GCC_WARN_UNDECLARED_SELECTOR = YES;
				GCC_WARN_UNINITIALIZED_AUTOS = YES;
				GCC_WARN_UNUSED_FUNCTION = YES;
				GCC_WARN_UNUSED_VARIABLE = YES;
				IPHONEOS_DEPLOYMENT_TARGET = 7.0;
				SDKROOT = iphoneos;
				VALIDATE_PRODUCT = YES;
			};
			name = Release;
		};
		4C88D52318C2806B00D4F4AC /* Debug */ = {
			isa = XCBuildConfiguration;
			buildSettings = {
				GCC_PRECOMPILE_PREFIX_HEADER = YES;
				GCC_PREFIX_HEADER = "Ridgefield Parks and Recreation/Ridgefield Parks and Recreation-Prefix.pch";
				HEADER_SEARCH_PATHS = (
					"$(inherited)",
					/Applications/Xcode.app/Contents/Developer/Toolchains/XcodeDefault.xctoolchain/usr/include/libxml2,
				);
				INFOPLIST_FILE = "Ridgefield Parks and Recreation/Ridgefield Parks and Recreation-Info.plist";
				PRODUCT_NAME = "$(TARGET_NAME)";
				WRAPPER_EXTENSION = app;
			};
			name = Debug;
		};
		4C88D52418C2806B00D4F4AC /* Release */ = {
			isa = XCBuildConfiguration;
			buildSettings = {
				GCC_PRECOMPILE_PREFIX_HEADER = YES;
				GCC_PREFIX_HEADER = "Ridgefield Parks and Recreation/Ridgefield Parks and Recreation-Prefix.pch";
				INFOPLIST_FILE = "Ridgefield Parks and Recreation/Ridgefield Parks and Recreation-Info.plist";
				PRODUCT_NAME = "$(TARGET_NAME)";
				WRAPPER_EXTENSION = app;
			};
			name = Release;
		};
		4C88D52618C2806B00D4F4AC /* Debug */ = {
			isa = XCBuildConfiguration;
			buildSettings = {
				ARCHS = "$(ARCHS_STANDARD_INCLUDING_64_BIT)";
				BUNDLE_LOADER = "$(BUILT_PRODUCTS_DIR)/Ridgefield Parks and Recreation.app/Ridgefield Parks and Recreation";
				FRAMEWORK_SEARCH_PATHS = (
					"$(SDKROOT)/Developer/Library/Frameworks",
					"$(inherited)",
					"$(DEVELOPER_FRAMEWORKS_DIR)",
				);
				GCC_PRECOMPILE_PREFIX_HEADER = YES;
				GCC_PREFIX_HEADER = "Ridgefield Parks and Recreation/Ridgefield Parks and Recreation-Prefix.pch";
				GCC_PREPROCESSOR_DEFINITIONS = (
					"DEBUG=1",
					"$(inherited)",
				);
				INFOPLIST_FILE = "Ridgefield Parks and RecreationTests/Ridgefield Parks and RecreationTests-Info.plist";
				PRODUCT_NAME = "$(TARGET_NAME)";
				TEST_HOST = "$(BUNDLE_LOADER)";
				WRAPPER_EXTENSION = xctest;
			};
			name = Debug;
		};
		4C88D52718C2806B00D4F4AC /* Release */ = {
			isa = XCBuildConfiguration;
			buildSettings = {
				ARCHS = "$(ARCHS_STANDARD_INCLUDING_64_BIT)";
				BUNDLE_LOADER = "$(BUILT_PRODUCTS_DIR)/Ridgefield Parks and Recreation.app/Ridgefield Parks and Recreation";
				FRAMEWORK_SEARCH_PATHS = (
					"$(SDKROOT)/Developer/Library/Frameworks",
					"$(inherited)",
					"$(DEVELOPER_FRAMEWORKS_DIR)",
				);
				GCC_PRECOMPILE_PREFIX_HEADER = YES;
				GCC_PREFIX_HEADER = "Ridgefield Parks and Recreation/Ridgefield Parks and Recreation-Prefix.pch";
				INFOPLIST_FILE = "Ridgefield Parks and RecreationTests/Ridgefield Parks and RecreationTests-Info.plist";
				PRODUCT_NAME = "$(TARGET_NAME)";
				TEST_HOST = "$(BUNDLE_LOADER)";
				WRAPPER_EXTENSION = xctest;
			};
			name = Release;
		};
/* End XCBuildConfiguration section */

/* Begin XCConfigurationList section */
		4C88D4EB18C2806B00D4F4AC /* Build configuration list for PBXProject "Ridgefield Parks and Recreation" */ = {
			isa = XCConfigurationList;
			buildConfigurations = (
				4C88D52018C2806B00D4F4AC /* Debug */,
				4C88D52118C2806B00D4F4AC /* Release */,
			);
			defaultConfigurationIsVisible = 0;
			defaultConfigurationName = Release;
		};
		4C88D52218C2806B00D4F4AC /* Build configuration list for PBXNativeTarget "Ridgefield Parks and Recreation" */ = {
			isa = XCConfigurationList;
			buildConfigurations = (
				4C88D52318C2806B00D4F4AC /* Debug */,
				4C88D52418C2806B00D4F4AC /* Release */,
			);
			defaultConfigurationIsVisible = 0;
			defaultConfigurationName = Release;
		};
		4C88D52518C2806B00D4F4AC /* Build configuration list for PBXNativeTarget "Ridgefield Parks and RecreationTests" */ = {
			isa = XCConfigurationList;
			buildConfigurations = (
				4C88D52618C2806B00D4F4AC /* Debug */,
				4C88D52718C2806B00D4F4AC /* Release */,
			);
			defaultConfigurationIsVisible = 0;
			defaultConfigurationName = Release;
		};
/* End XCConfigurationList section */
	};
	rootObject = 4C88D4E818C2806B00D4F4AC /* Project object */;
}
